
Microsoft Visual Studio Solution File, Format Version 12.00
# Visual Studio 14
VisualStudioVersion = 14.0.25123.0
MinimumVisualStudioVersion = 10.0.40219.1
Project("{21360705-4125-4F91-83E7-937B88E56FCC}") = "Sitecore.Support.104301", "Sitecore.Support.104301\Sitecore.Support.104301.csproj", "{F4D58B4B-B8F9-478D-834A-F0BFF8AFBE38}"
EndProject
Global
	GlobalSection(SolutionConfigurationPlatforms) = preSolution
		Debug|Any CPU = Debug|Any CPU
		Release|Any CPU = Release|Any CPU
	EndGlobalSection
	GlobalSection(ProjectConfigurationPlatforms) = postSolution
		{F4D58B4B-B8F9-478D-834A-F0BFF8AFBE38}.Debug|Any CPU.ActiveCfg = Debug|Any CPU
		{F4D58B4B-B8F9-478D-834A-F0BFF8AFBE38}.Debug|Any CPU.Build.0 = Debug|Any CPU
		{F4D58B4B-B8F9-478D-834A-F0BFF8AFBE38}.Release|Any CPU.ActiveCfg = Release|Any CPU
		{F4D58B4B-B8F9-478D-834A-F0BFF8AFBE38}.Release|Any CPU.Build.0 = Release|Any CPU
	EndGlobalSection
	GlobalSection(SolutionProperties) = preSolution
		HideSolutionNode = FALSE
	EndGlobalSection
EndGlobal
